// !$*UTF8*$!
{
	archiveVersion = 1;
	classes = {
	};
	objectVersion = 46;
	objects = {

/* Begin PBXBuildFile section */
		68B2037C367800CFBC570257 /* Pods_Rtflx.framework in Frameworks */ = {isa = PBXBuildFile; fileRef = 4367C030295A4AE3DDAE85E4 /* Pods_Rtflx.framework */; };
		6B2AF7ED36655DC1C376076B /* Pods_RtflxUITests.framework in Frameworks */ = {isa = PBXBuildFile; fileRef = 4BCB5C979A73F3A6B9513DB7 /* Pods_RtflxUITests.framework */; };
		AF23F5541E9DA8BA00B07BAF /* RetrieveMovie.swift in Sources */ = {isa = PBXBuildFile; fileRef = AF23F5531E9DA8BA00B07BAF /* RetrieveMovie.swift */; };
		AF23F5561E9DAAF500B07BAF /* DiscoverMoviesViewModel.swift in Sources */ = {isa = PBXBuildFile; fileRef = AF23F5551E9DAAF500B07BAF /* DiscoverMoviesViewModel.swift */; };
		AF23F5581E9DAC9500B07BAF /* MovieViewModel.swift in Sources */ = {isa = PBXBuildFile; fileRef = AF23F5571E9DAC9500B07BAF /* MovieViewModel.swift */; };
		AF23F55C1E9DB9C300B07BAF /* DiscoverMoviesFirebase.swift in Sources */ = {isa = PBXBuildFile; fileRef = AF23F55B1E9DB9C300B07BAF /* DiscoverMoviesFirebase.swift */; };
		AF23F55E1E9DC71400B07BAF /* UIImageViewFetcher.swift in Sources */ = {isa = PBXBuildFile; fileRef = AF23F55D1E9DC71400B07BAF /* UIImageViewFetcher.swift */; };
		AF59D0CC1E9C52860016D5EA /* GoogleService-Info.plist in Resources */ = {isa = PBXBuildFile; fileRef = AF59D0CB1E9C52860016D5EA /* GoogleService-Info.plist */; };
		AF59D0D41E9C85680016D5EA /* Main.storyboard in Resources */ = {isa = PBXBuildFile; fileRef = AF59D0D31E9C85680016D5EA /* Main.storyboard */; };
		AF59D0D61E9C89260016D5EA /* Movies.storyboard in Resources */ = {isa = PBXBuildFile; fileRef = AF59D0D51E9C89260016D5EA /* Movies.storyboard */; };
		AF59D0DA1E9C89DD0016D5EA /* CustomTabBarController.swift in Sources */ = {isa = PBXBuildFile; fileRef = AF59D0D91E9C89DD0016D5EA /* CustomTabBarController.swift */; };
		AF59D0DC1E9CFC160016D5EA /* Users.storyboard in Resources */ = {isa = PBXBuildFile; fileRef = AF59D0DB1E9CFC160016D5EA /* Users.storyboard */; };
		AF59D0DF1E9CFDD00016D5EA /* MoviesViewController.swift in Sources */ = {isa = PBXBuildFile; fileRef = AF59D0DE1E9CFDD00016D5EA /* MoviesViewController.swift */; };
		AF59D0E11E9CFE460016D5EA /* DiscoverMoviesViewController.swift in Sources */ = {isa = PBXBuildFile; fileRef = AF59D0E01E9CFE460016D5EA /* DiscoverMoviesViewController.swift */; };
		AF59D0E31E9D00F80016D5EA /* MoviesTableViewCell.xib in Resources */ = {isa = PBXBuildFile; fileRef = AF59D0E21E9D00F80016D5EA /* MoviesTableViewCell.xib */; };
		AF59D0E51E9D018D0016D5EA /* MoviesTableViewCell.swift in Sources */ = {isa = PBXBuildFile; fileRef = AF59D0E41E9D018D0016D5EA /* MoviesTableViewCell.swift */; };
		AF59D0E71E9D026B0016D5EA /* DiscoverMoviesDataSourceExtension.swift in Sources */ = {isa = PBXBuildFile; fileRef = AF59D0E61E9D026B0016D5EA /* DiscoverMoviesDataSourceExtension.swift */; };
		AF59D0EB1E9D04470016D5EA /* Movie.swift in Sources */ = {isa = PBXBuildFile; fileRef = AF59D0EA1E9D04470016D5EA /* Movie.swift */; };
		AFEBE6681E9C4EED00A4EC32 /* AppDelegate.swift in Sources */ = {isa = PBXBuildFile; fileRef = AFEBE6671E9C4EED00A4EC32 /* AppDelegate.swift */; };
		AFEBE66A1E9C4EED00A4EC32 /* LoginViewController.swift in Sources */ = {isa = PBXBuildFile; fileRef = AFEBE6691E9C4EED00A4EC32 /* LoginViewController.swift */; };
		AFEBE66F1E9C4EED00A4EC32 /* Assets.xcassets in Resources */ = {isa = PBXBuildFile; fileRef = AFEBE66E1E9C4EED00A4EC32 /* Assets.xcassets */; };
		AFEBE6721E9C4EED00A4EC32 /* LaunchScreen.storyboard in Resources */ = {isa = PBXBuildFile; fileRef = AFEBE6701E9C4EED00A4EC32 /* LaunchScreen.storyboard */; };
		AFEBE67D1E9C4EED00A4EC32 /* RtflxTests.swift in Sources */ = {isa = PBXBuildFile; fileRef = AFEBE67C1E9C4EED00A4EC32 /* RtflxTests.swift */; };
		AFEBE6881E9C4EED00A4EC32 /* RtflxUITests.swift in Sources */ = {isa = PBXBuildFile; fileRef = AFEBE6871E9C4EED00A4EC32 /* RtflxUITests.swift */; };
		EA96699F81454A090D052074 /* Pods_RtflxTests.framework in Frameworks */ = {isa = PBXBuildFile; fileRef = F5D891A766D9890121147977 /* Pods_RtflxTests.framework */; };
/* End PBXBuildFile section */

/* Begin PBXContainerItemProxy section */
		AFEBE6791E9C4EED00A4EC32 /* PBXContainerItemProxy */ = {
			isa = PBXContainerItemProxy;
			containerPortal = AFEBE65C1E9C4EEC00A4EC32 /* Project object */;
			proxyType = 1;
			remoteGlobalIDString = AFEBE6631E9C4EEC00A4EC32;
			remoteInfo = Rtflx;
		};
		AFEBE6841E9C4EED00A4EC32 /* PBXContainerItemProxy */ = {
			isa = PBXContainerItemProxy;
			containerPortal = AFEBE65C1E9C4EEC00A4EC32 /* Project object */;
			proxyType = 1;
			remoteGlobalIDString = AFEBE6631E9C4EEC00A4EC32;
			remoteInfo = Rtflx;
		};
/* End PBXContainerItemProxy section */

/* Begin PBXFileReference section */
		082F22FB4580FF3EA6EDE44C /* Pods-Rtflx.debug.xcconfig */ = {isa = PBXFileReference; includeInIndex = 1; lastKnownFileType = text.xcconfig; name = "Pods-Rtflx.debug.xcconfig"; path = "Pods/Target Support Files/Pods-Rtflx/Pods-Rtflx.debug.xcconfig"; sourceTree = "<group>"; };
		2AD70616EB61574C015B178A /* Pods-Rtflx.release.xcconfig */ = {isa = PBXFileReference; includeInIndex = 1; lastKnownFileType = text.xcconfig; name = "Pods-Rtflx.release.xcconfig"; path = "Pods/Target Support Files/Pods-Rtflx/Pods-Rtflx.release.xcconfig"; sourceTree = "<group>"; };
		4367C030295A4AE3DDAE85E4 /* Pods_Rtflx.framework */ = {isa = PBXFileReference; explicitFileType = wrapper.framework; includeInIndex = 0; path = Pods_Rtflx.framework; sourceTree = BUILT_PRODUCTS_DIR; };
		465E240501860E9329136162 /* Pods-RtflxUITests.debug.xcconfig */ = {isa = PBXFileReference; includeInIndex = 1; lastKnownFileType = text.xcconfig; name = "Pods-RtflxUITests.debug.xcconfig"; path = "Pods/Target Support Files/Pods-RtflxUITests/Pods-RtflxUITests.debug.xcconfig"; sourceTree = "<group>"; };
		4BCB5C979A73F3A6B9513DB7 /* Pods_RtflxUITests.framework */ = {isa = PBXFileReference; explicitFileType = wrapper.framework; includeInIndex = 0; path = Pods_RtflxUITests.framework; sourceTree = BUILT_PRODUCTS_DIR; };
		6160676015DA6F3A0F4CB5FF /* Pods-RtflxTests.release.xcconfig */ = {isa = PBXFileReference; includeInIndex = 1; lastKnownFileType = text.xcconfig; name = "Pods-RtflxTests.release.xcconfig"; path = "Pods/Target Support Files/Pods-RtflxTests/Pods-RtflxTests.release.xcconfig"; sourceTree = "<group>"; };
		65EECA786C498704421C4E2E /* Pods-RtflxUITests.release.xcconfig */ = {isa = PBXFileReference; includeInIndex = 1; lastKnownFileType = text.xcconfig; name = "Pods-RtflxUITests.release.xcconfig"; path = "Pods/Target Support Files/Pods-RtflxUITests/Pods-RtflxUITests.release.xcconfig"; sourceTree = "<group>"; };
		786A926FC5FD995B737ECF69 /* Pods-RtflxTests.debug.xcconfig */ = {isa = PBXFileReference; includeInIndex = 1; lastKnownFileType = text.xcconfig; name = "Pods-RtflxTests.debug.xcconfig"; path = "Pods/Target Support Files/Pods-RtflxTests/Pods-RtflxTests.debug.xcconfig"; sourceTree = "<group>"; };
		AF23F5531E9DA8BA00B07BAF /* RetrieveMovie.swift */ = {isa = PBXFileReference; fileEncoding = 4; lastKnownFileType = sourcecode.swift; path = RetrieveMovie.swift; sourceTree = "<group>"; };
		AF23F5551E9DAAF500B07BAF /* DiscoverMoviesViewModel.swift */ = {isa = PBXFileReference; fileEncoding = 4; lastKnownFileType = sourcecode.swift; path = DiscoverMoviesViewModel.swift; sourceTree = "<group>"; };
		AF23F5571E9DAC9500B07BAF /* MovieViewModel.swift */ = {isa = PBXFileReference; fileEncoding = 4; lastKnownFileType = sourcecode.swift; path = MovieViewModel.swift; sourceTree = "<group>"; };
		AF23F55B1E9DB9C300B07BAF /* DiscoverMoviesFirebase.swift */ = {isa = PBXFileReference; fileEncoding = 4; lastKnownFileType = sourcecode.swift; path = DiscoverMoviesFirebase.swift; sourceTree = "<group>"; };
		AF23F55D1E9DC71400B07BAF /* UIImageViewFetcher.swift */ = {isa = PBXFileReference; fileEncoding = 4; lastKnownFileType = sourcecode.swift; path = UIImageViewFetcher.swift; sourceTree = "<group>"; };
		AF59D0CB1E9C52860016D5EA /* GoogleService-Info.plist */ = {isa = PBXFileReference; fileEncoding = 4; lastKnownFileType = text.plist.xml; path = "GoogleService-Info.plist"; sourceTree = "<group>"; };
		AF59D0D31E9C85680016D5EA /* Main.storyboard */ = {isa = PBXFileReference; fileEncoding = 4; lastKnownFileType = file.storyboard; path = Main.storyboard; sourceTree = "<group>"; };
		AF59D0D51E9C89260016D5EA /* Movies.storyboard */ = {isa = PBXFileReference; fileEncoding = 4; lastKnownFileType = file.storyboard; path = Movies.storyboard; sourceTree = "<group>"; };
		AF59D0D91E9C89DD0016D5EA /* CustomTabBarController.swift */ = {isa = PBXFileReference; fileEncoding = 4; lastKnownFileType = sourcecode.swift; path = CustomTabBarController.swift; sourceTree = "<group>"; };
		AF59D0DB1E9CFC160016D5EA /* Users.storyboard */ = {isa = PBXFileReference; fileEncoding = 4; lastKnownFileType = file.storyboard; path = Users.storyboard; sourceTree = "<group>"; };
		AF59D0DE1E9CFDD00016D5EA /* MoviesViewController.swift */ = {isa = PBXFileReference; fileEncoding = 4; lastKnownFileType = sourcecode.swift; name = MoviesViewController.swift; path = Movies/MoviesViewController.swift; sourceTree = "<group>"; };
		AF59D0E01E9CFE460016D5EA /* DiscoverMoviesViewController.swift */ = {isa = PBXFileReference; fileEncoding = 4; lastKnownFileType = sourcecode.swift; name = DiscoverMoviesViewController.swift; path = Movies/DiscoverMoviesViewController.swift; sourceTree = "<group>"; };
		AF59D0E21E9D00F80016D5EA /* MoviesTableViewCell.xib */ = {isa = PBXFileReference; fileEncoding = 4; lastKnownFileType = file.xib; name = MoviesTableViewCell.xib; path = Movies/MoviesTableViewCell.xib; sourceTree = "<group>"; };
		AF59D0E41E9D018D0016D5EA /* MoviesTableViewCell.swift */ = {isa = PBXFileReference; fileEncoding = 4; lastKnownFileType = sourcecode.swift; name = MoviesTableViewCell.swift; path = Movies/MoviesTableViewCell.swift; sourceTree = "<group>"; };
		AF59D0E61E9D026B0016D5EA /* DiscoverMoviesDataSourceExtension.swift */ = {isa = PBXFileReference; fileEncoding = 4; lastKnownFileType = sourcecode.swift; name = DiscoverMoviesDataSourceExtension.swift; path = Movies/DiscoverMoviesDataSourceExtension.swift; sourceTree = "<group>"; };
		AF59D0EA1E9D04470016D5EA /* Movie.swift */ = {isa = PBXFileReference; fileEncoding = 4; lastKnownFileType = sourcecode.swift; name = Movie.swift; path = Movies/Movie.swift; sourceTree = "<group>"; };
		AFEBE6641E9C4EED00A4EC32 /* Rtflx.app */ = {isa = PBXFileReference; explicitFileType = wrapper.application; includeInIndex = 0; path = Rtflx.app; sourceTree = BUILT_PRODUCTS_DIR; };
		AFEBE6671E9C4EED00A4EC32 /* AppDelegate.swift */ = {isa = PBXFileReference; lastKnownFileType = sourcecode.swift; path = AppDelegate.swift; sourceTree = "<group>"; };
		AFEBE6691E9C4EED00A4EC32 /* LoginViewController.swift */ = {isa = PBXFileReference; lastKnownFileType = sourcecode.swift; path = LoginViewController.swift; sourceTree = "<group>"; };
		AFEBE66E1E9C4EED00A4EC32 /* Assets.xcassets */ = {isa = PBXFileReference; lastKnownFileType = folder.assetcatalog; path = Assets.xcassets; sourceTree = "<group>"; };
		AFEBE6711E9C4EED00A4EC32 /* Base */ = {isa = PBXFileReference; lastKnownFileType = file.storyboard; name = Base; path = Base.lproj/LaunchScreen.storyboard; sourceTree = "<group>"; };
		AFEBE6731E9C4EED00A4EC32 /* Info.plist */ = {isa = PBXFileReference; lastKnownFileType = text.plist.xml; path = Info.plist; sourceTree = "<group>"; };
		AFEBE6781E9C4EED00A4EC32 /* RtflxTests.xctest */ = {isa = PBXFileReference; explicitFileType = wrapper.cfbundle; includeInIndex = 0; path = RtflxTests.xctest; sourceTree = BUILT_PRODUCTS_DIR; };
		AFEBE67C1E9C4EED00A4EC32 /* RtflxTests.swift */ = {isa = PBXFileReference; lastKnownFileType = sourcecode.swift; path = RtflxTests.swift; sourceTree = "<group>"; };
		AFEBE67E1E9C4EED00A4EC32 /* Info.plist */ = {isa = PBXFileReference; lastKnownFileType = text.plist.xml; path = Info.plist; sourceTree = "<group>"; };
		AFEBE6831E9C4EED00A4EC32 /* RtflxUITests.xctest */ = {isa = PBXFileReference; explicitFileType = wrapper.cfbundle; includeInIndex = 0; path = RtflxUITests.xctest; sourceTree = BUILT_PRODUCTS_DIR; };
		AFEBE6871E9C4EED00A4EC32 /* RtflxUITests.swift */ = {isa = PBXFileReference; lastKnownFileType = sourcecode.swift; path = RtflxUITests.swift; sourceTree = "<group>"; };
		AFEBE6891E9C4EED00A4EC32 /* Info.plist */ = {isa = PBXFileReference; lastKnownFileType = text.plist.xml; path = Info.plist; sourceTree = "<group>"; };
		F5D891A766D9890121147977 /* Pods_RtflxTests.framework */ = {isa = PBXFileReference; explicitFileType = wrapper.framework; includeInIndex = 0; path = Pods_RtflxTests.framework; sourceTree = BUILT_PRODUCTS_DIR; };
/* End PBXFileReference section */

/* Begin PBXFrameworksBuildPhase section */
		AFEBE6611E9C4EEC00A4EC32 /* Frameworks */ = {
			isa = PBXFrameworksBuildPhase;
			buildActionMask = 2147483647;
			files = (
				68B2037C367800CFBC570257 /* Pods_Rtflx.framework in Frameworks */,
			);
			runOnlyForDeploymentPostprocessing = 0;
		};
		AFEBE6751E9C4EED00A4EC32 /* Frameworks */ = {
			isa = PBXFrameworksBuildPhase;
			buildActionMask = 2147483647;
			files = (
				EA96699F81454A090D052074 /* Pods_RtflxTests.framework in Frameworks */,
			);
			runOnlyForDeploymentPostprocessing = 0;
		};
		AFEBE6801E9C4EED00A4EC32 /* Frameworks */ = {
			isa = PBXFrameworksBuildPhase;
			buildActionMask = 2147483647;
			files = (
				6B2AF7ED36655DC1C376076B /* Pods_RtflxUITests.framework in Frameworks */,
			);
			runOnlyForDeploymentPostprocessing = 0;
		};
/* End PBXFrameworksBuildPhase section */

/* Begin PBXGroup section */
		8CE3A4687DCE7EE5783B43B3 /* Pods */ = {
			isa = PBXGroup;
			children = (
				082F22FB4580FF3EA6EDE44C /* Pods-Rtflx.debug.xcconfig */,
				2AD70616EB61574C015B178A /* Pods-Rtflx.release.xcconfig */,
				786A926FC5FD995B737ECF69 /* Pods-RtflxTests.debug.xcconfig */,
				6160676015DA6F3A0F4CB5FF /* Pods-RtflxTests.release.xcconfig */,
				465E240501860E9329136162 /* Pods-RtflxUITests.debug.xcconfig */,
				65EECA786C498704421C4E2E /* Pods-RtflxUITests.release.xcconfig */,
			);
			name = Pods;
			sourceTree = "<group>";
		};
		AF23F5521E9DA8A200B07BAF /* Manager */ = {
			isa = PBXGroup;
			children = (
				AF23F5531E9DA8BA00B07BAF /* RetrieveMovie.swift */,
			);
			name = Manager;
			sourceTree = "<group>";
		};
		AF23F5591E9DB90200B07BAF /* Discover */ = {
			isa = PBXGroup;
			children = (
				AF59D0E01E9CFE460016D5EA /* DiscoverMoviesViewController.swift */,
				AF59D0E61E9D026B0016D5EA /* DiscoverMoviesDataSourceExtension.swift */,
				AF23F5551E9DAAF500B07BAF /* DiscoverMoviesViewModel.swift */,
			);
			name = Discover;
			sourceTree = "<group>";
		};
		AF23F55A1E9DB92700B07BAF /* Database */ = {
			isa = PBXGroup;
			children = (
				AF23F55B1E9DB9C300B07BAF /* DiscoverMoviesFirebase.swift */,
			);
			name = Database;
			sourceTree = "<group>";
		};
		AF59D0CA1E9C50880016D5EA /* Supporting Files */ = {
			isa = PBXGroup;
			children = (
				AFEBE6671E9C4EED00A4EC32 /* AppDelegate.swift */,
				AF59D0CB1E9C52860016D5EA /* GoogleService-Info.plist */,
				AFEBE6731E9C4EED00A4EC32 /* Info.plist */,
				AFEBE6701E9C4EED00A4EC32 /* LaunchScreen.storyboard */,
				AFEBE66E1E9C4EED00A4EC32 /* Assets.xcassets */,
			);
			name = "Supporting Files";
			sourceTree = "<group>";
		};
		AF59D0DD1E9CFD9E0016D5EA /* Movies */ = {
			isa = PBXGroup;
			children = (
				AF23F55A1E9DB92700B07BAF /* Database */,
				AF23F5591E9DB90200B07BAF /* Discover */,
				AF59D0E91E9D04300016D5EA /* Models */,
				AF59D0E81E9D040E0016D5EA /* Cells */,
				AF59D0D51E9C89260016D5EA /* Movies.storyboard */,
				AF59D0DE1E9CFDD00016D5EA /* MoviesViewController.swift */,
				AF23F5571E9DAC9500B07BAF /* MovieViewModel.swift */,
			);
			name = Movies;
			sourceTree = "<group>";
		};
		AF59D0E81E9D040E0016D5EA /* Cells */ = {
			isa = PBXGroup;
			children = (
				AF59D0E21E9D00F80016D5EA /* MoviesTableViewCell.xib */,
				AF59D0E41E9D018D0016D5EA /* MoviesTableViewCell.swift */,
			);
			name = Cells;
			sourceTree = "<group>";
		};
		AF59D0E91E9D04300016D5EA /* Models */ = {
			isa = PBXGroup;
			children = (
				AF59D0EA1E9D04470016D5EA /* Movie.swift */,
			);
			name = Models;
			sourceTree = "<group>";
		};
		AFEBE65B1E9C4EEC00A4EC32 = {
			isa = PBXGroup;
			children = (
				AFEBE6661E9C4EED00A4EC32 /* Rtflx */,
				AFEBE67B1E9C4EED00A4EC32 /* RtflxTests */,
				AFEBE6861E9C4EED00A4EC32 /* RtflxUITests */,
				AFEBE6651E9C4EED00A4EC32 /* Products */,
				8CE3A4687DCE7EE5783B43B3 /* Pods */,
				C506669C8009B4937D86B8A0 /* Frameworks */,
			);
			sourceTree = "<group>";
		};
		AFEBE6651E9C4EED00A4EC32 /* Products */ = {
			isa = PBXGroup;
			children = (
				AFEBE6641E9C4EED00A4EC32 /* Rtflx.app */,
				AFEBE6781E9C4EED00A4EC32 /* RtflxTests.xctest */,
				AFEBE6831E9C4EED00A4EC32 /* RtflxUITests.xctest */,
			);
			name = Products;
			sourceTree = "<group>";
		};
		AFEBE6661E9C4EED00A4EC32 /* Rtflx */ = {
			isa = PBXGroup;
			children = (
				AF23F5521E9DA8A200B07BAF /* Manager */,
				AF59D0DD1E9CFD9E0016D5EA /* Movies */,
				AF59D0CA1E9C50880016D5EA /* Supporting Files */,
				AFEBE6691E9C4EED00A4EC32 /* LoginViewController.swift */,
				AF59D0D91E9C89DD0016D5EA /* CustomTabBarController.swift */,
				AF59D0D31E9C85680016D5EA /* Main.storyboard */,
				AF59D0DB1E9CFC160016D5EA /* Users.storyboard */,
				AF23F55D1E9DC71400B07BAF /* UIImageViewFetcher.swift */,
			);
			path = Rtflx;
			sourceTree = "<group>";
		};
		AFEBE67B1E9C4EED00A4EC32 /* RtflxTests */ = {
			isa = PBXGroup;
			children = (
				AFEBE67C1E9C4EED00A4EC32 /* RtflxTests.swift */,
				AFEBE67E1E9C4EED00A4EC32 /* Info.plist */,
			);
			path = RtflxTests;
			sourceTree = "<group>";
		};
		AFEBE6861E9C4EED00A4EC32 /* RtflxUITests */ = {
			isa = PBXGroup;
			children = (
				AFEBE6871E9C4EED00A4EC32 /* RtflxUITests.swift */,
				AFEBE6891E9C4EED00A4EC32 /* Info.plist */,
			);
			path = RtflxUITests;
			sourceTree = "<group>";
		};
		C506669C8009B4937D86B8A0 /* Frameworks */ = {
			isa = PBXGroup;
			children = (
				4367C030295A4AE3DDAE85E4 /* Pods_Rtflx.framework */,
				F5D891A766D9890121147977 /* Pods_RtflxTests.framework */,
				4BCB5C979A73F3A6B9513DB7 /* Pods_RtflxUITests.framework */,
			);
			name = Frameworks;
			sourceTree = "<group>";
		};
/* End PBXGroup section */

/* Begin PBXNativeTarget section */
		AFEBE6631E9C4EEC00A4EC32 /* Rtflx */ = {
			isa = PBXNativeTarget;
			buildConfigurationList = AFEBE68C1E9C4EED00A4EC32 /* Build configuration list for PBXNativeTarget "Rtflx" */;
			buildPhases = (
				7D0E33E8AA60F86483847C26 /* [CP] Check Pods Manifest.lock */,
				AFEBE6601E9C4EEC00A4EC32 /* Sources */,
				AFEBE6611E9C4EEC00A4EC32 /* Frameworks */,
				AFEBE6621E9C4EEC00A4EC32 /* Resources */,
				4D1FA95D0C5A747E4BD90335 /* [CP] Embed Pods Frameworks */,
				33C74513DB4674579C448483 /* [CP] Copy Pods Resources */,
			);
			buildRules = (
			);
			dependencies = (
			);
			name = Rtflx;
			productName = Rtflx;
			productReference = AFEBE6641E9C4EED00A4EC32 /* Rtflx.app */;
			productType = "com.apple.product-type.application";
		};
		AFEBE6771E9C4EED00A4EC32 /* RtflxTests */ = {
			isa = PBXNativeTarget;
			buildConfigurationList = AFEBE68F1E9C4EED00A4EC32 /* Build configuration list for PBXNativeTarget "RtflxTests" */;
			buildPhases = (
				5A34D86D19F449B2CE676F2E /* [CP] Check Pods Manifest.lock */,
				AFEBE6741E9C4EED00A4EC32 /* Sources */,
				AFEBE6751E9C4EED00A4EC32 /* Frameworks */,
				AFEBE6761E9C4EED00A4EC32 /* Resources */,
				7834EF444B15608C7C06DA58 /* [CP] Embed Pods Frameworks */,
				5D8E1B79915F30A8CF19B13C /* [CP] Copy Pods Resources */,
			);
			buildRules = (
			);
			dependencies = (
				AFEBE67A1E9C4EED00A4EC32 /* PBXTargetDependency */,
			);
			name = RtflxTests;
			productName = RtflxTests;
			productReference = AFEBE6781E9C4EED00A4EC32 /* RtflxTests.xctest */;
			productType = "com.apple.product-type.bundle.unit-test";
		};
		AFEBE6821E9C4EED00A4EC32 /* RtflxUITests */ = {
			isa = PBXNativeTarget;
			buildConfigurationList = AFEBE6921E9C4EED00A4EC32 /* Build configuration list for PBXNativeTarget "RtflxUITests" */;
			buildPhases = (
				FD11BD69203C46A8E6BBF8A3 /* [CP] Check Pods Manifest.lock */,
				AFEBE67F1E9C4EED00A4EC32 /* Sources */,
				AFEBE6801E9C4EED00A4EC32 /* Frameworks */,
				AFEBE6811E9C4EED00A4EC32 /* Resources */,
				59BFB507F9A6452AF42B1FB1 /* [CP] Embed Pods Frameworks */,
				49C8FB2420297DB8943E4341 /* [CP] Copy Pods Resources */,
			);
			buildRules = (
			);
			dependencies = (
				AFEBE6851E9C4EED00A4EC32 /* PBXTargetDependency */,
			);
			name = RtflxUITests;
			productName = RtflxUITests;
			productReference = AFEBE6831E9C4EED00A4EC32 /* RtflxUITests.xctest */;
			productType = "com.apple.product-type.bundle.ui-testing";
		};
/* End PBXNativeTarget section */

/* Begin PBXProject section */
		AFEBE65C1E9C4EEC00A4EC32 /* Project object */ = {
			isa = PBXProject;
			attributes = {
				LastSwiftUpdateCheck = 0820;
				LastUpgradeCheck = 0820;
				ORGANIZATIONNAME = "Thiago Orniz Martin";
				TargetAttributes = {
					AFEBE6631E9C4EEC00A4EC32 = {
						CreatedOnToolsVersion = 8.2.1;
						DevelopmentTeam = SVMRB674Q7;
						ProvisioningStyle = Automatic;
					};
					AFEBE6771E9C4EED00A4EC32 = {
						CreatedOnToolsVersion = 8.2.1;
						DevelopmentTeam = SVMRB674Q7;
						ProvisioningStyle = Automatic;
						TestTargetID = AFEBE6631E9C4EEC00A4EC32;
					};
					AFEBE6821E9C4EED00A4EC32 = {
						CreatedOnToolsVersion = 8.2.1;
						DevelopmentTeam = SVMRB674Q7;
						ProvisioningStyle = Automatic;
						TestTargetID = AFEBE6631E9C4EEC00A4EC32;
					};
				};
			};
			buildConfigurationList = AFEBE65F1E9C4EEC00A4EC32 /* Build configuration list for PBXProject "Rtflx" */;
			compatibilityVersion = "Xcode 3.2";
			developmentRegion = English;
			hasScannedForEncodings = 0;
			knownRegions = (
				en,
				Base,
			);
			mainGroup = AFEBE65B1E9C4EEC00A4EC32;
			productRefGroup = AFEBE6651E9C4EED00A4EC32 /* Products */;
			projectDirPath = "";
			projectRoot = "";
			targets = (
				AFEBE6631E9C4EEC00A4EC32 /* Rtflx */,
				AFEBE6771E9C4EED00A4EC32 /* RtflxTests */,
				AFEBE6821E9C4EED00A4EC32 /* RtflxUITests */,
			);
		};
/* End PBXProject section */

/* Begin PBXResourcesBuildPhase section */
		AFEBE6621E9C4EEC00A4EC32 /* Resources */ = {
			isa = PBXResourcesBuildPhase;
			buildActionMask = 2147483647;
			files = (
				AF59D0E31E9D00F80016D5EA /* MoviesTableViewCell.xib in Resources */,
				AF59D0CC1E9C52860016D5EA /* GoogleService-Info.plist in Resources */,
				AFEBE6721E9C4EED00A4EC32 /* LaunchScreen.storyboard in Resources */,
				AFEBE66F1E9C4EED00A4EC32 /* Assets.xcassets in Resources */,
				AF59D0DC1E9CFC160016D5EA /* Users.storyboard in Resources */,
				AF59D0D41E9C85680016D5EA /* Main.storyboard in Resources */,
				AF59D0D61E9C89260016D5EA /* Movies.storyboard in Resources */,
			);
			runOnlyForDeploymentPostprocessing = 0;
		};
		AFEBE6761E9C4EED00A4EC32 /* Resources */ = {
			isa = PBXResourcesBuildPhase;
			buildActionMask = 2147483647;
			files = (
			);
			runOnlyForDeploymentPostprocessing = 0;
		};
		AFEBE6811E9C4EED00A4EC32 /* Resources */ = {
			isa = PBXResourcesBuildPhase;
			buildActionMask = 2147483647;
			files = (
			);
			runOnlyForDeploymentPostprocessing = 0;
		};
/* End PBXResourcesBuildPhase section */

/* Begin PBXShellScriptBuildPhase section */
		33C74513DB4674579C448483 /* [CP] Copy Pods Resources */ = {
			isa = PBXShellScriptBuildPhase;
			buildActionMask = 2147483647;
			files = (
			);
			inputPaths = (
			);
			name = "[CP] Copy Pods Resources";
			outputPaths = (
			);
			runOnlyForDeploymentPostprocessing = 0;
			shellPath = /bin/sh;
			shellScript = "\"${SRCROOT}/Pods/Target Support Files/Pods-Rtflx/Pods-Rtflx-resources.sh\"\n";
			showEnvVarsInLog = 0;
		};
		49C8FB2420297DB8943E4341 /* [CP] Copy Pods Resources */ = {
			isa = PBXShellScriptBuildPhase;
			buildActionMask = 2147483647;
			files = (
			);
			inputPaths = (
			);
			name = "[CP] Copy Pods Resources";
			outputPaths = (
			);
			runOnlyForDeploymentPostprocessing = 0;
			shellPath = /bin/sh;
			shellScript = "\"${SRCROOT}/Pods/Target Support Files/Pods-RtflxUITests/Pods-RtflxUITests-resources.sh\"\n";
			showEnvVarsInLog = 0;
		};
		4D1FA95D0C5A747E4BD90335 /* [CP] Embed Pods Frameworks */ = {
			isa = PBXShellScriptBuildPhase;
			buildActionMask = 2147483647;
			files = (
			);
			inputPaths = (
			);
			name = "[CP] Embed Pods Frameworks";
			outputPaths = (
			);
			runOnlyForDeploymentPostprocessing = 0;
			shellPath = /bin/sh;
			shellScript = "\"${SRCROOT}/Pods/Target Support Files/Pods-Rtflx/Pods-Rtflx-frameworks.sh\"\n";
			showEnvVarsInLog = 0;
		};
		59BFB507F9A6452AF42B1FB1 /* [CP] Embed Pods Frameworks */ = {
			isa = PBXShellScriptBuildPhase;
			buildActionMask = 2147483647;
			files = (
			);
			inputPaths = (
			);
			name = "[CP] Embed Pods Frameworks";
			outputPaths = (
			);
			runOnlyForDeploymentPostprocessing = 0;
			shellPath = /bin/sh;
			shellScript = "\"${SRCROOT}/Pods/Target Support Files/Pods-RtflxUITests/Pods-RtflxUITests-frameworks.sh\"\n";
			showEnvVarsInLog = 0;
		};
		5A34D86D19F449B2CE676F2E /* [CP] Check Pods Manifest.lock */ = {
			isa = PBXShellScriptBuildPhase;
			buildActionMask = 2147483647;
			files = (
			);
			inputPaths = (
			);
			name = "[CP] Check Pods Manifest.lock";
			outputPaths = (
			);
			runOnlyForDeploymentPostprocessing = 0;
			shellPath = /bin/sh;
			shellScript = "diff \"${PODS_ROOT}/../Podfile.lock\" \"${PODS_ROOT}/Manifest.lock\" > /dev/null\nif [ $? != 0 ] ; then\n    # print error to STDERR\n    echo \"error: The sandbox is not in sync with the Podfile.lock. Run 'pod install' or update your CocoaPods installation.\" >&2\n    exit 1\nfi\n";
			showEnvVarsInLog = 0;
		};
		5D8E1B79915F30A8CF19B13C /* [CP] Copy Pods Resources */ = {
			isa = PBXShellScriptBuildPhase;
			buildActionMask = 2147483647;
			files = (
			);
			inputPaths = (
			);
			name = "[CP] Copy Pods Resources";
			outputPaths = (
			);
			runOnlyForDeploymentPostprocessing = 0;
			shellPath = /bin/sh;
			shellScript = "\"${SRCROOT}/Pods/Target Support Files/Pods-RtflxTests/Pods-RtflxTests-resources.sh\"\n";
			showEnvVarsInLog = 0;
		};
		7834EF444B15608C7C06DA58 /* [CP] Embed Pods Frameworks */ = {
			isa = PBXShellScriptBuildPhase;
			buildActionMask = 2147483647;
			files = (
			);
			inputPaths = (
			);
			name = "[CP] Embed Pods Frameworks";
			outputPaths = (
			);
			runOnlyForDeploymentPostprocessing = 0;
			shellPath = /bin/sh;
			shellScript = "\"${SRCROOT}/Pods/Target Support Files/Pods-RtflxTests/Pods-RtflxTests-frameworks.sh\"\n";
			showEnvVarsInLog = 0;
		};
		7D0E33E8AA60F86483847C26 /* [CP] Check Pods Manifest.lock */ = {
			isa = PBXShellScriptBuildPhase;
			buildActionMask = 2147483647;
			files = (
			);
			inputPaths = (
			);
			name = "[CP] Check Pods Manifest.lock";
			outputPaths = (
			);
			runOnlyForDeploymentPostprocessing = 0;
			shellPath = /bin/sh;
			shellScript = "diff \"${PODS_ROOT}/../Podfile.lock\" \"${PODS_ROOT}/Manifest.lock\" > /dev/null\nif [ $? != 0 ] ; then\n    # print error to STDERR\n    echo \"error: The sandbox is not in sync with the Podfile.lock. Run 'pod install' or update your CocoaPods installation.\" >&2\n    exit 1\nfi\n";
			showEnvVarsInLog = 0;
		};
		FD11BD69203C46A8E6BBF8A3 /* [CP] Check Pods Manifest.lock */ = {
			isa = PBXShellScriptBuildPhase;
			buildActionMask = 2147483647;
			files = (
			);
			inputPaths = (
			);
			name = "[CP] Check Pods Manifest.lock";
			outputPaths = (
			);
			runOnlyForDeploymentPostprocessing = 0;
			shellPath = /bin/sh;
			shellScript = "diff \"${PODS_ROOT}/../Podfile.lock\" \"${PODS_ROOT}/Manifest.lock\" > /dev/null\nif [ $? != 0 ] ; then\n    # print error to STDERR\n    echo \"error: The sandbox is not in sync with the Podfile.lock. Run 'pod install' or update your CocoaPods installation.\" >&2\n    exit 1\nfi\n";
			showEnvVarsInLog = 0;
		};
/* End PBXShellScriptBuildPhase section */

/* Begin PBXSourcesBuildPhase section */
		AFEBE6601E9C4EEC00A4EC32 /* Sources */ = {
			isa = PBXSourcesBuildPhase;
			buildActionMask = 2147483647;
			files = (
				AF59D0E71E9D026B0016D5EA /* DiscoverMoviesDataSourceExtension.swift in Sources */,
				AF59D0E51E9D018D0016D5EA /* MoviesTableViewCell.swift in Sources */,
				AFEBE66A1E9C4EED00A4EC32 /* LoginViewController.swift in Sources */,
				AF23F5541E9DA8BA00B07BAF /* RetrieveMovie.swift in Sources */,
				AF23F55E1E9DC71400B07BAF /* UIImageViewFetcher.swift in Sources */,
				AFEBE6681E9C4EED00A4EC32 /* AppDelegate.swift in Sources */,
				AF59D0DA1E9C89DD0016D5EA /* CustomTabBarController.swift in Sources */,
				AF23F55C1E9DB9C300B07BAF /* DiscoverMoviesFirebase.swift in Sources */,
				AF59D0E11E9CFE460016D5EA /* DiscoverMoviesViewController.swift in Sources */,
				AF59D0EB1E9D04470016D5EA /* Movie.swift in Sources */,
				AF23F5581E9DAC9500B07BAF /* MovieViewModel.swift in Sources */,
				AF23F5561E9DAAF500B07BAF /* DiscoverMoviesViewModel.swift in Sources */,
				AF59D0DF1E9CFDD00016D5EA /* MoviesViewController.swift in Sources */,
			);
			runOnlyForDeploymentPostprocessing = 0;
		};
		AFEBE6741E9C4EED00A4EC32 /* Sources */ = {
			isa = PBXSourcesBuildPhase;
			buildActionMask = 2147483647;
			files = (
				AFEBE67D1E9C4EED00A4EC32 /* RtflxTests.swift in Sources */,
			);
			runOnlyForDeploymentPostprocessing = 0;
		};
		AFEBE67F1E9C4EED00A4EC32 /* Sources */ = {
			isa = PBXSourcesBuildPhase;
			buildActionMask = 2147483647;
			files = (
				AFEBE6881E9C4EED00A4EC32 /* RtflxUITests.swift in Sources */,
			);
			runOnlyForDeploymentPostprocessing = 0;
		};
/* End PBXSourcesBuildPhase section */

/* Begin PBXTargetDependency section */
		AFEBE67A1E9C4EED00A4EC32 /* PBXTargetDependency */ = {
			isa = PBXTargetDependency;
			target = AFEBE6631E9C4EEC00A4EC32 /* Rtflx */;
			targetProxy = AFEBE6791E9C4EED00A4EC32 /* PBXContainerItemProxy */;
		};
		AFEBE6851E9C4EED00A4EC32 /* PBXTargetDependency */ = {
			isa = PBXTargetDependency;
			target = AFEBE6631E9C4EEC00A4EC32 /* Rtflx */;
			targetProxy = AFEBE6841E9C4EED00A4EC32 /* PBXContainerItemProxy */;
		};
/* End PBXTargetDependency section */

/* Begin PBXVariantGroup section */
		AFEBE6701E9C4EED00A4EC32 /* LaunchScreen.storyboard */ = {
			isa = PBXVariantGroup;
			children = (
				AFEBE6711E9C4EED00A4EC32 /* Base */,
			);
			name = LaunchScreen.storyboard;
			sourceTree = "<group>";
		};
/* End PBXVariantGroup section */

/* Begin XCBuildConfiguration section */
		AFEBE68A1E9C4EED00A4EC32 /* Debug */ = {
			isa = XCBuildConfiguration;
			buildSettings = {
				ALWAYS_SEARCH_USER_PATHS = NO;
				CLANG_ANALYZER_NONNULL = YES;
				CLANG_CXX_LANGUAGE_STANDARD = "gnu++0x";
				CLANG_CXX_LIBRARY = "libc++";
				CLANG_ENABLE_MODULES = YES;
				CLANG_ENABLE_OBJC_ARC = YES;
				CLANG_WARN_BOOL_CONVERSION = YES;
				CLANG_WARN_CONSTANT_CONVERSION = YES;
				CLANG_WARN_DIRECT_OBJC_ISA_USAGE = YES_ERROR;
				CLANG_WARN_DOCUMENTATION_COMMENTS = YES;
				CLANG_WARN_EMPTY_BODY = YES;
				CLANG_WARN_ENUM_CONVERSION = YES;
				CLANG_WARN_INFINITE_RECURSION = YES;
				CLANG_WARN_INT_CONVERSION = YES;
				CLANG_WARN_OBJC_ROOT_CLASS = YES_ERROR;
				CLANG_WARN_SUSPICIOUS_MOVE = YES;
				CLANG_WARN_UNREACHABLE_CODE = YES;
				CLANG_WARN__DUPLICATE_METHOD_MATCH = YES;
				"CODE_SIGN_IDENTITY[sdk=iphoneos*]" = "iPhone Developer";
				COPY_PHASE_STRIP = NO;
				DEBUG_INFORMATION_FORMAT = dwarf;
				ENABLE_STRICT_OBJC_MSGSEND = YES;
				ENABLE_TESTABILITY = YES;
				FRAMEWORK_SEARCH_PATHS = "";
				GCC_C_LANGUAGE_STANDARD = gnu99;
				GCC_DYNAMIC_NO_PIC = NO;
				GCC_NO_COMMON_BLOCKS = YES;
				GCC_OPTIMIZATION_LEVEL = 0;
				GCC_PREPROCESSOR_DEFINITIONS = (
					"DEBUG=1",
					"$(inherited)",
				);
				GCC_WARN_64_TO_32_BIT_CONVERSION = YES;
				GCC_WARN_ABOUT_RETURN_TYPE = YES_ERROR;
				GCC_WARN_UNDECLARED_SELECTOR = YES;
				GCC_WARN_UNINITIALIZED_AUTOS = YES_AGGRESSIVE;
				GCC_WARN_UNUSED_FUNCTION = YES;
				GCC_WARN_UNUSED_VARIABLE = YES;
				IPHONEOS_DEPLOYMENT_TARGET = 10.2;
				MTL_ENABLE_DEBUG_INFO = YES;
				ONLY_ACTIVE_ARCH = YES;
				SDKROOT = iphoneos;
				SWIFT_ACTIVE_COMPILATION_CONDITIONS = DEBUG;
				SWIFT_OPTIMIZATION_LEVEL = "-Onone";
				TARGETED_DEVICE_FAMILY = "1,2";
			};
			name = Debug;
		};
		AFEBE68B1E9C4EED00A4EC32 /* Release */ = {
			isa = XCBuildConfiguration;
			buildSettings = {
				ALWAYS_SEARCH_USER_PATHS = NO;
				CLANG_ANALYZER_NONNULL = YES;
				CLANG_CXX_LANGUAGE_STANDARD = "gnu++0x";
				CLANG_CXX_LIBRARY = "libc++";
				CLANG_ENABLE_MODULES = YES;
				CLANG_ENABLE_OBJC_ARC = YES;
				CLANG_WARN_BOOL_CONVERSION = YES;
				CLANG_WARN_CONSTANT_CONVERSION = YES;
				CLANG_WARN_DIRECT_OBJC_ISA_USAGE = YES_ERROR;
				CLANG_WARN_DOCUMENTATION_COMMENTS = YES;
				CLANG_WARN_EMPTY_BODY = YES;
				CLANG_WARN_ENUM_CONVERSION = YES;
				CLANG_WARN_INFINITE_RECURSION = YES;
				CLANG_WARN_INT_CONVERSION = YES;
				CLANG_WARN_OBJC_ROOT_CLASS = YES_ERROR;
				CLANG_WARN_SUSPICIOUS_MOVE = YES;
				CLANG_WARN_UNREACHABLE_CODE = YES;
				CLANG_WARN__DUPLICATE_METHOD_MATCH = YES;
				"CODE_SIGN_IDENTITY[sdk=iphoneos*]" = "iPhone Developer";
				COPY_PHASE_STRIP = NO;
				DEBUG_INFORMATION_FORMAT = "dwarf-with-dsym";
				ENABLE_NS_ASSERTIONS = NO;
				ENABLE_STRICT_OBJC_MSGSEND = YES;
				GCC_C_LANGUAGE_STANDARD = gnu99;
				GCC_NO_COMMON_BLOCKS = YES;
				GCC_WARN_64_TO_32_BIT_CONVERSION = YES;
				GCC_WARN_ABOUT_RETURN_TYPE = YES_ERROR;
				GCC_WARN_UNDECLARED_SELECTOR = YES;
				GCC_WARN_UNINITIALIZED_AUTOS = YES_AGGRESSIVE;
				GCC_WARN_UNUSED_FUNCTION = YES;
				GCC_WARN_UNUSED_VARIABLE = YES;
				IPHONEOS_DEPLOYMENT_TARGET = 10.2;
				MTL_ENABLE_DEBUG_INFO = NO;
				SDKROOT = iphoneos;
				SWIFT_OPTIMIZATION_LEVEL = "-Owholemodule";
				TARGETED_DEVICE_FAMILY = "1,2";
				VALIDATE_PRODUCT = YES;
			};
			name = Release;
		};
		AFEBE68D1E9C4EED00A4EC32 /* Debug */ = {
			isa = XCBuildConfiguration;
			baseConfigurationReference = 082F22FB4580FF3EA6EDE44C /* Pods-Rtflx.debug.xcconfig */;
			buildSettings = {
				ASSETCATALOG_COMPILER_APPICON_NAME = AppIcon;
				DEVELOPMENT_TEAM = SVMRB674Q7;
				FRAMEWORK_SEARCH_PATHS = (
					"$(inherited)",
					"$(PROJECT_DIR)",
				);
				INFOPLIST_FILE = Rtflx/Info.plist;
				IPHONEOS_DEPLOYMENT_TARGET = 9.0;
				LD_RUNPATH_SEARCH_PATHS = "$(inherited) @executable_path/Frameworks";
				PRODUCT_BUNDLE_IDENTIFIER = com.example.Rtflx;
				PRODUCT_NAME = "$(TARGET_NAME)";
				SWIFT_VERSION = 3.0;
				TARGETED_DEVICE_FAMILY = 1;
			};
			name = Debug;
		};
		AFEBE68E1E9C4EED00A4EC32 /* Release */ = {
			isa = XCBuildConfiguration;
			baseConfigurationReference = 2AD70616EB61574C015B178A /* Pods-Rtflx.release.xcconfig */;
			buildSettings = {
				ASSETCATALOG_COMPILER_APPICON_NAME = AppIcon;
				DEVELOPMENT_TEAM = SVMRB674Q7;
				FRAMEWORK_SEARCH_PATHS = (
					"$(inherited)",
					"$(PROJECT_DIR)",
				);
				INFOPLIST_FILE = Rtflx/Info.plist;
				IPHONEOS_DEPLOYMENT_TARGET = 9.0;
				LD_RUNPATH_SEARCH_PATHS = "$(inherited) @executable_path/Frameworks";
				PRODUCT_BUNDLE_IDENTIFIER = com.example.Rtflx;
				PRODUCT_NAME = "$(TARGET_NAME)";
				SWIFT_VERSION = 3.0;
				TARGETED_DEVICE_FAMILY = 1;
			};
			name = Release;
		};
		AFEBE6901E9C4EED00A4EC32 /* Debug */ = {
			isa = XCBuildConfiguration;
			baseConfigurationReference = 786A926FC5FD995B737ECF69 /* Pods-RtflxTests.debug.xcconfig */;
			buildSettings = {
				ALWAYS_EMBED_SWIFT_STANDARD_LIBRARIES = YES;
				BUNDLE_LOADER = "$(TEST_HOST)";
				DEVELOPMENT_TEAM = SVMRB674Q7;
				INFOPLIST_FILE = RtflxTests/Info.plist;
				LD_RUNPATH_SEARCH_PATHS = "$(inherited) @executable_path/Frameworks @loader_path/Frameworks";
				PRODUCT_BUNDLE_IDENTIFIER = com.example.RtflxTests;
				PRODUCT_NAME = "$(TARGET_NAME)";
				SWIFT_VERSION = 3.0;
				TEST_HOST = "$(BUILT_PRODUCTS_DIR)/Rtflx.app/Rtflx";
			};
			name = Debug;
		};
		AFEBE6911E9C4EED00A4EC32 /* Release */ = {
			isa = XCBuildConfiguration;
			baseConfigurationReference = 6160676015DA6F3A0F4CB5FF /* Pods-RtflxTests.release.xcconfig */;
			buildSettings = {
				ALWAYS_EMBED_SWIFT_STANDARD_LIBRARIES = YES;
				BUNDLE_LOADER = "$(TEST_HOST)";
				DEVELOPMENT_TEAM = SVMRB674Q7;
				INFOPLIST_FILE = RtflxTests/Info.plist;
				LD_RUNPATH_SEARCH_PATHS = "$(inherited) @executable_path/Frameworks @loader_path/Frameworks";
				PRODUCT_BUNDLE_IDENTIFIER = com.example.RtflxTests;
				PRODUCT_NAME = "$(TARGET_NAME)";
				SWIFT_VERSION = 3.0;
				TEST_HOST = "$(BUILT_PRODUCTS_DIR)/Rtflx.app/Rtflx";
			};
			name = Release;
		};
		AFEBE6931E9C4EED00A4EC32 /* Debug */ = {
			isa = XCBuildConfiguration;
			baseConfigurationReference = 465E240501860E9329136162 /* Pods-RtflxUITests.debug.xcconfig */;
			buildSettings = {
				ALWAYS_EMBED_SWIFT_STANDARD_LIBRARIES = YES;
				DEVELOPMENT_TEAM = SVMRB674Q7;
				INFOPLIST_FILE = RtflxUITests/Info.plist;
				LD_RUNPATH_SEARCH_PATHS = "$(inherited) @executable_path/Frameworks @loader_path/Frameworks";
				PRODUCT_BUNDLE_IDENTIFIER = com.example.RtflxUITests;
				PRODUCT_NAME = "$(TARGET_NAME)";
				SWIFT_VERSION = 3.0;
				TEST_TARGET_NAME = Rtflx;
			};
			name = Debug;
		};
		AFEBE6941E9C4EED00A4EC32 /* Release */ = {
			isa = XCBuildConfiguration;
			baseConfigurationReference = 65EECA786C498704421C4E2E /* Pods-RtflxUITests.release.xcconfig */;
			buildSettings = {
				ALWAYS_EMBED_SWIFT_STANDARD_LIBRARIES = YES;
				DEVELOPMENT_TEAM = SVMRB674Q7;
				INFOPLIST_FILE = RtflxUITests/Info.plist;
				LD_RUNPATH_SEARCH_PATHS = "$(inherited) @executable_path/Frameworks @loader_path/Frameworks";
				PRODUCT_BUNDLE_IDENTIFIER = com.example.RtflxUITests;
				PRODUCT_NAME = "$(TARGET_NAME)";
				SWIFT_VERSION = 3.0;
				TEST_TARGET_NAME = Rtflx;
			};
			name = Release;
		};
/* End XCBuildConfiguration section */

/* Begin XCConfigurationList section */
		AFEBE65F1E9C4EEC00A4EC32 /* Build configuration list for PBXProject "Rtflx" */ = {
			isa = XCConfigurationList;
			buildConfigurations = (
				AFEBE68A1E9C4EED00A4EC32 /* Debug */,
				AFEBE68B1E9C4EED00A4EC32 /* Release */,
			);
			defaultConfigurationIsVisible = 0;
			defaultConfigurationName = Release;
		};
		AFEBE68C1E9C4EED00A4EC32 /* Build configuration list for PBXNativeTarget "Rtflx" */ = {
			isa = XCConfigurationList;
			buildConfigurations = (
				AFEBE68D1E9C4EED00A4EC32 /* Debug */,
				AFEBE68E1E9C4EED00A4EC32 /* Release */,
			);
			defaultConfigurationIsVisible = 0;
			defaultConfigurationName = Release;
		};
		AFEBE68F1E9C4EED00A4EC32 /* Build configuration list for PBXNativeTarget "RtflxTests" */ = {
			isa = XCConfigurationList;
			buildConfigurations = (
				AFEBE6901E9C4EED00A4EC32 /* Debug */,
				AFEBE6911E9C4EED00A4EC32 /* Release */,
			);
			defaultConfigurationIsVisible = 0;
			defaultConfigurationName = Release;
		};
		AFEBE6921E9C4EED00A4EC32 /* Build configuration list for PBXNativeTarget "RtflxUITests" */ = {
			isa = XCConfigurationList;
			buildConfigurations = (
				AFEBE6931E9C4EED00A4EC32 /* Debug */,
				AFEBE6941E9C4EED00A4EC32 /* Release */,
			);
			defaultConfigurationIsVisible = 0;
			defaultConfigurationName = Release;
		};
/* End XCConfigurationList section */
	};
	rootObject = AFEBE65C1E9C4EEC00A4EC32 /* Project object */;
}
